// !$*UTF8*$!
{
	archiveVersion = 1;
	classes = {
	};
	objectVersion = 50;
	objects = {

/* Begin PBXBuildFile section */
		6D50B5412565BDF40025EC33 /* UIImageView.swift in Sources */ = {isa = PBXBuildFile; fileRef = 6D50B5402565BDF40025EC33 /* UIImageView.swift */; };
		6D50B54A2565D7BA0025EC33 /* String.swift in Sources */ = {isa = PBXBuildFile; fileRef = 6D50B5492565D7BA0025EC33 /* String.swift */; };
		6D53F04925653F70006A39A9 /* TopFeedViewModelItem.swift in Sources */ = {isa = PBXBuildFile; fileRef = 6D53F04825653F70006A39A9 /* TopFeedViewModelItem.swift */; };
		6D53F04D25654334006A39A9 /* FeedModel.swift in Sources */ = {isa = PBXBuildFile; fileRef = 6D53F04C25654334006A39A9 /* FeedModel.swift */; };
		6D53F0BF25657815006A39A9 /* DataModel.swift in Sources */ = {isa = PBXBuildFile; fileRef = 6D53F0BE25657815006A39A9 /* DataModel.swift */; };
		6D53F0C22565787C006A39A9 /* GetTopFeedRequest.swift in Sources */ = {isa = PBXBuildFile; fileRef = 6D53F0C12565787C006A39A9 /* GetTopFeedRequest.swift */; };
		6D53F0C8256578C1006A39A9 /* GetTopFeedResponse.swift in Sources */ = {isa = PBXBuildFile; fileRef = 6D53F0C7256578C1006A39A9 /* GetTopFeedResponse.swift */; };
		6D53F11B256591F5006A39A9 /* FeedDataModel.swift in Sources */ = {isa = PBXBuildFile; fileRef = 6D53F11A256591F5006A39A9 /* FeedDataModel.swift */; };
		6D53F12125659B59006A39A9 /* Date.swift in Sources */ = {isa = PBXBuildFile; fileRef = 6D53F12025659B59006A39A9 /* Date.swift */; };
		6D53F1252565A410006A39A9 /* ImageService.swift in Sources */ = {isa = PBXBuildFile; fileRef = 6D53F1242565A410006A39A9 /* ImageService.swift */; };
		6D53F1292565A446006A39A9 /* Cache.swift in Sources */ = {isa = PBXBuildFile; fileRef = 6D53F1282565A446006A39A9 /* Cache.swift */; };
		6D53F14C2565A975006A39A9 /* ImageCache.swift in Sources */ = {isa = PBXBuildFile; fileRef = 6D53F14B2565A975006A39A9 /* ImageCache.swift */; };
		6D53F1522565AB74006A39A9 /* CacheItem.swift in Sources */ = {isa = PBXBuildFile; fileRef = 6D53F1512565AB73006A39A9 /* CacheItem.swift */; };
		6D796D43256419450041D98B /* AppDelegate.swift in Sources */ = {isa = PBXBuildFile; fileRef = 6D796D42256419450041D98B /* AppDelegate.swift */; };
		6D796D4A256419450041D98B /* Main.storyboard in Resources */ = {isa = PBXBuildFile; fileRef = 6D796D48256419450041D98B /* Main.storyboard */; };
		6D796D4C256419470041D98B /* Assets.xcassets in Resources */ = {isa = PBXBuildFile; fileRef = 6D796D4B256419470041D98B /* Assets.xcassets */; };
		6D796D4F256419470041D98B /* LaunchScreen.storyboard in Resources */ = {isa = PBXBuildFile; fileRef = 6D796D4D256419470041D98B /* LaunchScreen.storyboard */; };
		6D796D5C256419BD0041D98B /* NavigationViewController.swift in Sources */ = {isa = PBXBuildFile; fileRef = 6D796D5B256419BD0041D98B /* NavigationViewController.swift */; };
		6D796DDA25641C8A0041D98B /* APIConfiguration.swift in Sources */ = {isa = PBXBuildFile; fileRef = 6D796D9225641C8A0041D98B /* APIConfiguration.swift */; };
		6D796DDB25641C8A0041D98B /* AppAPIConfiguration.swift in Sources */ = {isa = PBXBuildFile; fileRef = 6D796D9325641C8A0041D98B /* AppAPIConfiguration.swift */; };
		6D796DDC25641C8A0041D98B /* APIEnvironment.swift in Sources */ = {isa = PBXBuildFile; fileRef = 6D796D9425641C8A0041D98B /* APIEnvironment.swift */; };
		6D796DDD25641C8A0041D98B /* APIError.swift in Sources */ = {isa = PBXBuildFile; fileRef = 6D796D9625641C8A0041D98B /* APIError.swift */; };
		6D796DDE25641C8A0041D98B /* APIResult.swift in Sources */ = {isa = PBXBuildFile; fileRef = 6D796D9725641C8A0041D98B /* APIResult.swift */; };
		6D796DFA25641C8A0041D98B /* APIResponseEmpty.swift in Sources */ = {isa = PBXBuildFile; fileRef = 6D796DBA25641C8A0041D98B /* APIResponseEmpty.swift */; };
		6D796E0C25641C8A0041D98B /* APIRequest.swift in Sources */ = {isa = PBXBuildFile; fileRef = 6D796DD125641C8A0041D98B /* APIRequest.swift */; };
		6D796E1125641C8A0041D98B /* AppAPI.swift in Sources */ = {isa = PBXBuildFile; fileRef = 6D796DD825641C8A0041D98B /* AppAPI.swift */; };
		6D796E1225641C8A0041D98B /* API.swift in Sources */ = {isa = PBXBuildFile; fileRef = 6D796DD925641C8A0041D98B /* API.swift */; };
		6D796E1A25641F3F0041D98B /* JSONEncoder.swift in Sources */ = {isa = PBXBuildFile; fileRef = 6D796E1925641F3F0041D98B /* JSONEncoder.swift */; };
		6D796E1D256429B30041D98B /* ParametrEncoding.swift in Sources */ = {isa = PBXBuildFile; fileRef = 6D796E1C256429B30041D98B /* ParametrEncoding.swift */; };
		6D796E2025642A290041D98B /* JSONEncoding.swift in Sources */ = {isa = PBXBuildFile; fileRef = 6D796E1F25642A290041D98B /* JSONEncoding.swift */; };
		6D796E31256436840041D98B /* GlobalConsts.swift in Sources */ = {isa = PBXBuildFile; fileRef = 6D796E26256436840041D98B /* GlobalConsts.swift */; };
		6D796E3A256436F10041D98B /* JSONDecoder.swift in Sources */ = {isa = PBXBuildFile; fileRef = 6D796E39256436F10041D98B /* JSONDecoder.swift */; };
		6D796E4C256448B40041D98B /* AppCoordinator.swift in Sources */ = {isa = PBXBuildFile; fileRef = 6D796E46256448B40041D98B /* AppCoordinator.swift */; };
		6D796E4E256448B40041D98B /* Presentable.swift in Sources */ = {isa = PBXBuildFile; fileRef = 6D796E48256448B40041D98B /* Presentable.swift */; };
		6D796E4F256448B40041D98B /* Router.swift in Sources */ = {isa = PBXBuildFile; fileRef = 6D796E49256448B40041D98B /* Router.swift */; };
		6D796E50256448B40041D98B /* BaseCoordinator.swift in Sources */ = {isa = PBXBuildFile; fileRef = 6D796E4A256448B40041D98B /* BaseCoordinator.swift */; };
		6D796E51256448B40041D98B /* Coordinator.swift in Sources */ = {isa = PBXBuildFile; fileRef = 6D796E4B256448B40041D98B /* Coordinator.swift */; };
		6D796E5525645DF20041D98B /* Storyboard.swift in Sources */ = {isa = PBXBuildFile; fileRef = 6D796E5425645DF20041D98B /* Storyboard.swift */; };
		6D796E5825645E1E0041D98B /* UIViewController.swift in Sources */ = {isa = PBXBuildFile; fileRef = 6D796E5725645E1E0041D98B /* UIViewController.swift */; };
		6D796E5C25645EDC0041D98B /* TopFeedCoordinator.swift in Sources */ = {isa = PBXBuildFile; fileRef = 6D796E5B25645EDC0041D98B /* TopFeedCoordinator.swift */; };
		6D796E5F25645EF90041D98B /* TopFeedViewController.swift in Sources */ = {isa = PBXBuildFile; fileRef = 6D796E5E25645EF90041D98B /* TopFeedViewController.swift */; };
		6D796E6225645F090041D98B /* TopFeed.storyboard in Resources */ = {isa = PBXBuildFile; fileRef = 6D796E6125645F090041D98B /* TopFeed.storyboard */; };
		6D796EE1256473C60041D98B /* TopFeedTableViewCell.swift in Sources */ = {isa = PBXBuildFile; fileRef = 6D796EE0256473C60041D98B /* TopFeedTableViewCell.swift */; };
		6D796EE5256473EB0041D98B /* Identifiable.swift in Sources */ = {isa = PBXBuildFile; fileRef = 6D796EE4256473EB0041D98B /* Identifiable.swift */; };
		6D796EE9256474E00041D98B /* TopFeedViewModel.swift in Sources */ = {isa = PBXBuildFile; fileRef = 6D796EE8256474E00041D98B /* TopFeedViewModel.swift */; };
		6D796EED256475840041D98B /* TableView.swift in Sources */ = {isa = PBXBuildFile; fileRef = 6D796EEC256475840041D98B /* TableView.swift */; };
		6DD7E6D92566D2AC00F5B9E6 /* ImageViewer.storyboard in Resources */ = {isa = PBXBuildFile; fileRef = 6DD7E6D82566D2AC00F5B9E6 /* ImageViewer.storyboard */; };
		6DD7E6DD2566D3CF00F5B9E6 /* ImageViewerViewController.swift in Sources */ = {isa = PBXBuildFile; fileRef = 6DD7E6DC2566D3CF00F5B9E6 /* ImageViewerViewController.swift */; };
		6DD7E6E12566D3E500F5B9E6 /* ImageViewerCoordinator.swift in Sources */ = {isa = PBXBuildFile; fileRef = 6DD7E6E02566D3E500F5B9E6 /* ImageViewerCoordinator.swift */; };
/* End PBXBuildFile section */

/* Begin PBXFileReference section */
		6D50B5402565BDF40025EC33 /* UIImageView.swift */ = {isa = PBXFileReference; lastKnownFileType = sourcecode.swift; path = UIImageView.swift; sourceTree = "<group>"; };
		6D50B5492565D7BA0025EC33 /* String.swift */ = {isa = PBXFileReference; lastKnownFileType = sourcecode.swift; path = String.swift; sourceTree = "<group>"; };
		6D53F04825653F70006A39A9 /* TopFeedViewModelItem.swift */ = {isa = PBXFileReference; lastKnownFileType = sourcecode.swift; path = TopFeedViewModelItem.swift; sourceTree = "<group>"; };
		6D53F04C25654334006A39A9 /* FeedModel.swift */ = {isa = PBXFileReference; lastKnownFileType = sourcecode.swift; path = FeedModel.swift; sourceTree = "<group>"; };
		6D53F0BE25657815006A39A9 /* DataModel.swift */ = {isa = PBXFileReference; lastKnownFileType = sourcecode.swift; path = DataModel.swift; sourceTree = "<group>"; };
		6D53F0C12565787C006A39A9 /* GetTopFeedRequest.swift */ = {isa = PBXFileReference; lastKnownFileType = sourcecode.swift; path = GetTopFeedRequest.swift; sourceTree = "<group>"; };
		6D53F0C7256578C1006A39A9 /* GetTopFeedResponse.swift */ = {isa = PBXFileReference; lastKnownFileType = sourcecode.swift; path = GetTopFeedResponse.swift; sourceTree = "<group>"; };
		6D53F11A256591F5006A39A9 /* FeedDataModel.swift */ = {isa = PBXFileReference; lastKnownFileType = sourcecode.swift; path = FeedDataModel.swift; sourceTree = "<group>"; };
		6D53F12025659B59006A39A9 /* Date.swift */ = {isa = PBXFileReference; lastKnownFileType = sourcecode.swift; path = Date.swift; sourceTree = "<group>"; };
		6D53F1242565A410006A39A9 /* ImageService.swift */ = {isa = PBXFileReference; lastKnownFileType = sourcecode.swift; path = ImageService.swift; sourceTree = "<group>"; };
		6D53F1282565A446006A39A9 /* Cache.swift */ = {isa = PBXFileReference; lastKnownFileType = sourcecode.swift; path = Cache.swift; sourceTree = "<group>"; };
		6D53F14B2565A975006A39A9 /* ImageCache.swift */ = {isa = PBXFileReference; lastKnownFileType = sourcecode.swift; path = ImageCache.swift; sourceTree = "<group>"; };
		6D53F1512565AB73006A39A9 /* CacheItem.swift */ = {isa = PBXFileReference; lastKnownFileType = sourcecode.swift; path = CacheItem.swift; sourceTree = "<group>"; };
		6D796D3F256419450041D98B /* RedditClient.app */ = {isa = PBXFileReference; explicitFileType = wrapper.application; includeInIndex = 0; path = RedditClient.app; sourceTree = BUILT_PRODUCTS_DIR; };
		6D796D42256419450041D98B /* AppDelegate.swift */ = {isa = PBXFileReference; lastKnownFileType = sourcecode.swift; path = AppDelegate.swift; sourceTree = "<group>"; };
		6D796D49256419450041D98B /* Base */ = {isa = PBXFileReference; lastKnownFileType = file.storyboard; name = Base; path = Base.lproj/Main.storyboard; sourceTree = "<group>"; };
		6D796D4B256419470041D98B /* Assets.xcassets */ = {isa = PBXFileReference; lastKnownFileType = folder.assetcatalog; path = Assets.xcassets; sourceTree = "<group>"; };
		6D796D4E256419470041D98B /* Base */ = {isa = PBXFileReference; lastKnownFileType = file.storyboard; name = Base; path = Base.lproj/LaunchScreen.storyboard; sourceTree = "<group>"; };
		6D796D50256419470041D98B /* Info.plist */ = {isa = PBXFileReference; lastKnownFileType = text.plist.xml; path = Info.plist; sourceTree = "<group>"; };
		6D796D5B256419BD0041D98B /* NavigationViewController.swift */ = {isa = PBXFileReference; fileEncoding = 4; lastKnownFileType = sourcecode.swift; path = NavigationViewController.swift; sourceTree = "<group>"; };
		6D796D9225641C8A0041D98B /* APIConfiguration.swift */ = {isa = PBXFileReference; fileEncoding = 4; lastKnownFileType = sourcecode.swift; path = APIConfiguration.swift; sourceTree = "<group>"; };
		6D796D9325641C8A0041D98B /* AppAPIConfiguration.swift */ = {isa = PBXFileReference; fileEncoding = 4; lastKnownFileType = sourcecode.swift; path = AppAPIConfiguration.swift; sourceTree = "<group>"; };
		6D796D9425641C8A0041D98B /* APIEnvironment.swift */ = {isa = PBXFileReference; fileEncoding = 4; lastKnownFileType = sourcecode.swift; path = APIEnvironment.swift; sourceTree = "<group>"; };
		6D796D9625641C8A0041D98B /* APIError.swift */ = {isa = PBXFileReference; fileEncoding = 4; lastKnownFileType = sourcecode.swift; path = APIError.swift; sourceTree = "<group>"; };
		6D796D9725641C8A0041D98B /* APIResult.swift */ = {isa = PBXFileReference; fileEncoding = 4; lastKnownFileType = sourcecode.swift; path = APIResult.swift; sourceTree = "<group>"; };
		6D796DBA25641C8A0041D98B /* APIResponseEmpty.swift */ = {isa = PBXFileReference; fileEncoding = 4; lastKnownFileType = sourcecode.swift; path = APIResponseEmpty.swift; sourceTree = "<group>"; };
		6D796DD125641C8A0041D98B /* APIRequest.swift */ = {isa = PBXFileReference; fileEncoding = 4; lastKnownFileType = sourcecode.swift; path = APIRequest.swift; sourceTree = "<group>"; };
		6D796DD825641C8A0041D98B /* AppAPI.swift */ = {isa = PBXFileReference; fileEncoding = 4; lastKnownFileType = sourcecode.swift; path = AppAPI.swift; sourceTree = "<group>"; };
		6D796DD925641C8A0041D98B /* API.swift */ = {isa = PBXFileReference; fileEncoding = 4; lastKnownFileType = sourcecode.swift; path = API.swift; sourceTree = "<group>"; };
		6D796E1925641F3F0041D98B /* JSONEncoder.swift */ = {isa = PBXFileReference; fileEncoding = 4; lastKnownFileType = sourcecode.swift; path = JSONEncoder.swift; sourceTree = "<group>"; };
		6D796E1C256429B30041D98B /* ParametrEncoding.swift */ = {isa = PBXFileReference; lastKnownFileType = sourcecode.swift; path = ParametrEncoding.swift; sourceTree = "<group>"; };
		6D796E1F25642A290041D98B /* JSONEncoding.swift */ = {isa = PBXFileReference; lastKnownFileType = sourcecode.swift; path = JSONEncoding.swift; sourceTree = "<group>"; };
		6D796E26256436840041D98B /* GlobalConsts.swift */ = {isa = PBXFileReference; fileEncoding = 4; lastKnownFileType = sourcecode.swift; path = GlobalConsts.swift; sourceTree = "<group>"; };
		6D796E39256436F10041D98B /* JSONDecoder.swift */ = {isa = PBXFileReference; fileEncoding = 4; lastKnownFileType = sourcecode.swift; path = JSONDecoder.swift; sourceTree = "<group>"; };
		6D796E46256448B40041D98B /* AppCoordinator.swift */ = {isa = PBXFileReference; fileEncoding = 4; lastKnownFileType = sourcecode.swift; path = AppCoordinator.swift; sourceTree = "<group>"; };
		6D796E48256448B40041D98B /* Presentable.swift */ = {isa = PBXFileReference; fileEncoding = 4; lastKnownFileType = sourcecode.swift; path = Presentable.swift; sourceTree = "<group>"; };
		6D796E49256448B40041D98B /* Router.swift */ = {isa = PBXFileReference; fileEncoding = 4; lastKnownFileType = sourcecode.swift; path = Router.swift; sourceTree = "<group>"; };
		6D796E4A256448B40041D98B /* BaseCoordinator.swift */ = {isa = PBXFileReference; fileEncoding = 4; lastKnownFileType = sourcecode.swift; path = BaseCoordinator.swift; sourceTree = "<group>"; };
		6D796E4B256448B40041D98B /* Coordinator.swift */ = {isa = PBXFileReference; fileEncoding = 4; lastKnownFileType = sourcecode.swift; path = Coordinator.swift; sourceTree = "<group>"; };
		6D796E5425645DF20041D98B /* Storyboard.swift */ = {isa = PBXFileReference; fileEncoding = 4; lastKnownFileType = sourcecode.swift; path = Storyboard.swift; sourceTree = "<group>"; };
		6D796E5725645E1E0041D98B /* UIViewController.swift */ = {isa = PBXFileReference; fileEncoding = 4; lastKnownFileType = sourcecode.swift; path = UIViewController.swift; sourceTree = "<group>"; };
		6D796E5B25645EDC0041D98B /* TopFeedCoordinator.swift */ = {isa = PBXFileReference; lastKnownFileType = sourcecode.swift; path = TopFeedCoordinator.swift; sourceTree = "<group>"; };
		6D796E5E25645EF90041D98B /* TopFeedViewController.swift */ = {isa = PBXFileReference; lastKnownFileType = sourcecode.swift; path = TopFeedViewController.swift; sourceTree = "<group>"; };
		6D796E6125645F090041D98B /* TopFeed.storyboard */ = {isa = PBXFileReference; lastKnownFileType = file.storyboard; path = TopFeed.storyboard; sourceTree = "<group>"; };
		6D796EE0256473C60041D98B /* TopFeedTableViewCell.swift */ = {isa = PBXFileReference; lastKnownFileType = sourcecode.swift; path = TopFeedTableViewCell.swift; sourceTree = "<group>"; };
		6D796EE4256473EB0041D98B /* Identifiable.swift */ = {isa = PBXFileReference; fileEncoding = 4; lastKnownFileType = sourcecode.swift; path = Identifiable.swift; sourceTree = "<group>"; };
		6D796EE8256474E00041D98B /* TopFeedViewModel.swift */ = {isa = PBXFileReference; lastKnownFileType = sourcecode.swift; path = TopFeedViewModel.swift; sourceTree = "<group>"; };
		6D796EEC256475840041D98B /* TableView.swift */ = {isa = PBXFileReference; lastKnownFileType = sourcecode.swift; path = TableView.swift; sourceTree = "<group>"; };
		6DD7E6D82566D2AC00F5B9E6 /* ImageViewer.storyboard */ = {isa = PBXFileReference; lastKnownFileType = file.storyboard; path = ImageViewer.storyboard; sourceTree = "<group>"; };
		6DD7E6DC2566D3CF00F5B9E6 /* ImageViewerViewController.swift */ = {isa = PBXFileReference; lastKnownFileType = sourcecode.swift; path = ImageViewerViewController.swift; sourceTree = "<group>"; };
		6DD7E6E02566D3E500F5B9E6 /* ImageViewerCoordinator.swift */ = {isa = PBXFileReference; lastKnownFileType = sourcecode.swift; path = ImageViewerCoordinator.swift; sourceTree = "<group>"; };
/* End PBXFileReference section */

/* Begin PBXFrameworksBuildPhase section */
		6D796D3C256419450041D98B /* Frameworks */ = {
			isa = PBXFrameworksBuildPhase;
			buildActionMask = 2147483647;
			files = (
			);
			runOnlyForDeploymentPostprocessing = 0;
		};
/* End PBXFrameworksBuildPhase section */

/* Begin PBXGroup section */
		6D53F04B25654326006A39A9 /* Models */ = {
			isa = PBXGroup;
			children = (
				6D53F0BE25657815006A39A9 /* DataModel.swift */,
				6D53F11A256591F5006A39A9 /* FeedDataModel.swift */,
				6D53F04C25654334006A39A9 /* FeedModel.swift */,
			);
			path = Models;
			sourceTree = "<group>";
		};
		6D53F0C525657897006A39A9 /* TopFeed */ = {
			isa = PBXGroup;
			children = (
				6D53F0C12565787C006A39A9 /* GetTopFeedRequest.swift */,
				6D53F0C7256578C1006A39A9 /* GetTopFeedResponse.swift */,
			);
			path = TopFeed;
			sourceTree = "<group>";
		};
		6D53F1232565A3BD006A39A9 /* Managers */ = {
			isa = PBXGroup;
			children = (
				6D53F1242565A410006A39A9 /* ImageService.swift */,
				6D53F1282565A446006A39A9 /* Cache.swift */,
				6D53F1512565AB73006A39A9 /* CacheItem.swift */,
				6D53F14B2565A975006A39A9 /* ImageCache.swift */,
			);
			path = Managers;
			sourceTree = "<group>";
		};
		6D796D36256419450041D98B = {
			isa = PBXGroup;
			children = (
				6D796D41256419450041D98B /* RedditClient */,
				6D796D40256419450041D98B /* Products */,
			);
			sourceTree = "<group>";
		};
		6D796D40256419450041D98B /* Products */ = {
			isa = PBXGroup;
			children = (
				6D796D3F256419450041D98B /* RedditClient.app */,
			);
			name = Products;
			sourceTree = "<group>";
		};
		6D796D41256419450041D98B /* RedditClient */ = {
			isa = PBXGroup;
			children = (
				6D796D42256419450041D98B /* AppDelegate.swift */,
				6D53F1232565A3BD006A39A9 /* Managers */,
				6D53F04B25654326006A39A9 /* Models */,
				6D796E45256448B40041D98B /* Coordinators */,
				6D796E1825641F0F0041D98B /* Extensions */,
				6D796D9025641C8A0041D98B /* API */,
				6D796D582564199E0041D98B /* ViewControllers */,
				6D796E3F256444260041D98B /* Storyboards */,
				6D796E22256436840041D98B /* Utils */,
				6D796D4B256419470041D98B /* Assets.xcassets */,
				6D796D50256419470041D98B /* Info.plist */,
			);
			path = RedditClient;
			sourceTree = "<group>";
		};
		6D796D582564199E0041D98B /* ViewControllers */ = {
			isa = PBXGroup;
			children = (
				6DD7E6DB2566D3B300F5B9E6 /* ImageViewer */,
				6D796E5A25645EA80041D98B /* TopList */,
				6D796D5A256419BD0041D98B /* NavigationControllers */,
			);
			path = ViewControllers;
			sourceTree = "<group>";
		};
		6D796D5A256419BD0041D98B /* NavigationControllers */ = {
			isa = PBXGroup;
			children = (
				6D796D5B256419BD0041D98B /* NavigationViewController.swift */,
			);
			path = NavigationControllers;
			sourceTree = "<group>";
		};
		6D796D9025641C8A0041D98B /* API */ = {
			isa = PBXGroup;
			children = (
				6D796DD825641C8A0041D98B /* AppAPI.swift */,
				6D796DD925641C8A0041D98B /* API.swift */,
				6D796D9125641C8A0041D98B /* Configuration */,
				6D796D9425641C8A0041D98B /* APIEnvironment.swift */,
				6D796D9525641C8A0041D98B /* Utils */,
				6D796D9B25641C8A0041D98B /* Requests */,
			);
			path = API;
			sourceTree = "<group>";
		};
		6D796D9125641C8A0041D98B /* Configuration */ = {
			isa = PBXGroup;
			children = (
				6D796D9225641C8A0041D98B /* APIConfiguration.swift */,
				6D796D9325641C8A0041D98B /* AppAPIConfiguration.swift */,
			);
			path = Configuration;
			sourceTree = "<group>";
		};
		6D796D9525641C8A0041D98B /* Utils */ = {
			isa = PBXGroup;
			children = (
				6D796D9625641C8A0041D98B /* APIError.swift */,
				6D796D9725641C8A0041D98B /* APIResult.swift */,
			);
			path = Utils;
			sourceTree = "<group>";
		};
		6D796D9B25641C8A0041D98B /* Requests */ = {
			isa = PBXGroup;
			children = (
				6D796ED82564647C0041D98B /* Helpers */,
				6D796DBA25641C8A0041D98B /* APIResponseEmpty.swift */,
				6D796DD125641C8A0041D98B /* APIRequest.swift */,
				6D53F0C525657897006A39A9 /* TopFeed */,
			);
			path = Requests;
			sourceTree = "<group>";
		};
		6D796E1825641F0F0041D98B /* Extensions */ = {
			isa = PBXGroup;
			children = (
				6D796EE4256473EB0041D98B /* Identifiable.swift */,
				6D50B5492565D7BA0025EC33 /* String.swift */,
				6D50B5402565BDF40025EC33 /* UIImageView.swift */,
				6D53F12025659B59006A39A9 /* Date.swift */,
				6D796EEC256475840041D98B /* TableView.swift */,
				6D796E5725645E1E0041D98B /* UIViewController.swift */,
				6D796E1925641F3F0041D98B /* JSONEncoder.swift */,
				6D796E39256436F10041D98B /* JSONDecoder.swift */,
			);
			path = Extensions;
			sourceTree = "<group>";
		};
		6D796E22256436840041D98B /* Utils */ = {
			isa = PBXGroup;
			children = (
				6D796E26256436840041D98B /* GlobalConsts.swift */,
			);
			path = Utils;
			sourceTree = "<group>";
		};
		6D796E3F256444260041D98B /* Storyboards */ = {
			isa = PBXGroup;
			children = (
				6D796E5425645DF20041D98B /* Storyboard.swift */,
				6D796D48256419450041D98B /* Main.storyboard */,
				6D796D4D256419470041D98B /* LaunchScreen.storyboard */,
				6D796E6125645F090041D98B /* TopFeed.storyboard */,
				6DD7E6D82566D2AC00F5B9E6 /* ImageViewer.storyboard */,
			);
			path = Storyboards;
			sourceTree = "<group>";
		};
		6D796E45256448B40041D98B /* Coordinators */ = {
			isa = PBXGroup;
			children = (
				6D796E46256448B40041D98B /* AppCoordinator.swift */,
				6D796E48256448B40041D98B /* Presentable.swift */,
				6D796E49256448B40041D98B /* Router.swift */,
				6D796E4A256448B40041D98B /* BaseCoordinator.swift */,
				6D796E4B256448B40041D98B /* Coordinator.swift */,
			);
			path = Coordinators;
			sourceTree = "<group>";
		};
		6D796E5A25645EA80041D98B /* TopList */ = {
			isa = PBXGroup;
			children = (
				6D796EE7256474C40041D98B /* ViewModel */,
				6D796EDF256473AE0041D98B /* Cells */,
				6D796E5B25645EDC0041D98B /* TopFeedCoordinator.swift */,
				6D796E5E25645EF90041D98B /* TopFeedViewController.swift */,
			);
			path = TopList;
			sourceTree = "<group>";
		};
		6D796ED82564647C0041D98B /* Helpers */ = {
			isa = PBXGroup;
			children = (
				6D796E1C256429B30041D98B /* ParametrEncoding.swift */,
				6D796E1F25642A290041D98B /* JSONEncoding.swift */,
			);
			path = Helpers;
			sourceTree = "<group>";
		};
		6D796EDF256473AE0041D98B /* Cells */ = {
			isa = PBXGroup;
			children = (
				6D796EE0256473C60041D98B /* TopFeedTableViewCell.swift */,
			);
			path = Cells;
			sourceTree = "<group>";
		};
		6D796EE7256474C40041D98B /* ViewModel */ = {
			isa = PBXGroup;
			children = (
				6D796EE8256474E00041D98B /* TopFeedViewModel.swift */,
				6D53F04825653F70006A39A9 /* TopFeedViewModelItem.swift */,
			);
			path = ViewModel;
			sourceTree = "<group>";
		};
		6DD7E6DB2566D3B300F5B9E6 /* ImageViewer */ = {
			isa = PBXGroup;
			children = (
				6DD7E6DC2566D3CF00F5B9E6 /* ImageViewerViewController.swift */,
				6DD7E6E02566D3E500F5B9E6 /* ImageViewerCoordinator.swift */,
			);
			path = ImageViewer;
			sourceTree = "<group>";
		};
/* End PBXGroup section */

/* Begin PBXNativeTarget section */
		6D796D3E256419450041D98B /* RedditClient */ = {
			isa = PBXNativeTarget;
			buildConfigurationList = 6D796D53256419470041D98B /* Build configuration list for PBXNativeTarget "RedditClient" */;
			buildPhases = (
				6D796D3B256419450041D98B /* Sources */,
				6D796D3C256419450041D98B /* Frameworks */,
				6D796D3D256419450041D98B /* Resources */,
			);
			buildRules = (
			);
			dependencies = (
			);
			name = RedditClient;
			productName = RedditClient;
			productReference = 6D796D3F256419450041D98B /* RedditClient.app */;
			productType = "com.apple.product-type.application";
		};
/* End PBXNativeTarget section */

/* Begin PBXProject section */
		6D796D37256419450041D98B /* Project object */ = {
			isa = PBXProject;
			attributes = {
				LastSwiftUpdateCheck = 1210;
				LastUpgradeCheck = 1210;
				TargetAttributes = {
					6D796D3E256419450041D98B = {
						CreatedOnToolsVersion = 12.1;
					};
				};
			};
			buildConfigurationList = 6D796D3A256419450041D98B /* Build configuration list for PBXProject "RedditClient" */;
			compatibilityVersion = "Xcode 9.3";
			developmentRegion = en;
			hasScannedForEncodings = 0;
			knownRegions = (
				en,
				Base,
			);
			mainGroup = 6D796D36256419450041D98B;
			productRefGroup = 6D796D40256419450041D98B /* Products */;
			projectDirPath = "";
			projectRoot = "";
			targets = (
				6D796D3E256419450041D98B /* RedditClient */,
			);
		};
/* End PBXProject section */

/* Begin PBXResourcesBuildPhase section */
		6D796D3D256419450041D98B /* Resources */ = {
			isa = PBXResourcesBuildPhase;
			buildActionMask = 2147483647;
			files = (
				6D796E6225645F090041D98B /* TopFeed.storyboard in Resources */,
				6DD7E6D92566D2AC00F5B9E6 /* ImageViewer.storyboard in Resources */,
				6D796D4F256419470041D98B /* LaunchScreen.storyboard in Resources */,
				6D796D4C256419470041D98B /* Assets.xcassets in Resources */,
				6D796D4A256419450041D98B /* Main.storyboard in Resources */,
			);
			runOnlyForDeploymentPostprocessing = 0;
		};
/* End PBXResourcesBuildPhase section */

/* Begin PBXSourcesBuildPhase section */
		6D796D3B256419450041D98B /* Sources */ = {
			isa = PBXSourcesBuildPhase;
			buildActionMask = 2147483647;
			files = (
				6D796E5F25645EF90041D98B /* TopFeedViewController.swift in Sources */,
				6D796EED256475840041D98B /* TableView.swift in Sources */,
				6D53F0BF25657815006A39A9 /* DataModel.swift in Sources */,
				6D796E4F256448B40041D98B /* Router.swift in Sources */,
				6D53F11B256591F5006A39A9 /* FeedDataModel.swift in Sources */,
				6D53F04925653F70006A39A9 /* TopFeedViewModelItem.swift in Sources */,
				6D796D5C256419BD0041D98B /* NavigationViewController.swift in Sources */,
				6D53F1522565AB74006A39A9 /* CacheItem.swift in Sources */,
				6DD7E6E12566D3E500F5B9E6 /* ImageViewerCoordinator.swift in Sources */,
				6D53F12125659B59006A39A9 /* Date.swift in Sources */,
				6D796E1125641C8A0041D98B /* AppAPI.swift in Sources */,
				6D796E5825645E1E0041D98B /* UIViewController.swift in Sources */,
				6D796E5525645DF20041D98B /* Storyboard.swift in Sources */,
				6D796E1D256429B30041D98B /* ParametrEncoding.swift in Sources */,
				6D796EE1256473C60041D98B /* TopFeedTableViewCell.swift in Sources */,
				6D796E3A256436F10041D98B /* JSONDecoder.swift in Sources */,
				6D796EE9256474E00041D98B /* TopFeedViewModel.swift in Sources */,
				6D796DDC25641C8A0041D98B /* APIEnvironment.swift in Sources */,
				6D796E1225641C8A0041D98B /* API.swift in Sources */,
				6D50B54A2565D7BA0025EC33 /* String.swift in Sources */,
				6D796E51256448B40041D98B /* Coordinator.swift in Sources */,
				6D53F04D25654334006A39A9 /* FeedModel.swift in Sources */,
				6D796E5C25645EDC0041D98B /* TopFeedCoordinator.swift in Sources */,
				6D796DDE25641C8A0041D98B /* APIResult.swift in Sources */,
				6D796E2025642A290041D98B /* JSONEncoding.swift in Sources */,
				6D796DFA25641C8A0041D98B /* APIResponseEmpty.swift in Sources */,
				6D796D43256419450041D98B /* AppDelegate.swift in Sources */,
				6D796E1A25641F3F0041D98B /* JSONEncoder.swift in Sources */,
				6D53F0C8256578C1006A39A9 /* GetTopFeedResponse.swift in Sources */,
				6D50B5412565BDF40025EC33 /* UIImageView.swift in Sources */,
				6D796DDA25641C8A0041D98B /* APIConfiguration.swift in Sources */,
				6D53F14C2565A975006A39A9 /* ImageCache.swift in Sources */,
				6D796E31256436840041D98B /* GlobalConsts.swift in Sources */,
				6D796E50256448B40041D98B /* BaseCoordinator.swift in Sources */,
				6D796E4C256448B40041D98B /* AppCoordinator.swift in Sources */,
				6D53F1292565A446006A39A9 /* Cache.swift in Sources */,
				6D796DDB25641C8A0041D98B /* AppAPIConfiguration.swift in Sources */,
				6D53F1252565A410006A39A9 /* ImageService.swift in Sources */,
				6D796DDD25641C8A0041D98B /* APIError.swift in Sources */,
				6D796EE5256473EB0041D98B /* Identifiable.swift in Sources */,
				6D796E0C25641C8A0041D98B /* APIRequest.swift in Sources */,
				6D53F0C22565787C006A39A9 /* GetTopFeedRequest.swift in Sources */,
				6DD7E6DD2566D3CF00F5B9E6 /* ImageViewerViewController.swift in Sources */,
				6D796E4E256448B40041D98B /* Presentable.swift in Sources */,
			);
			runOnlyForDeploymentPostprocessing = 0;
		};
/* End PBXSourcesBuildPhase section */

/* Begin PBXVariantGroup section */
		6D796D48256419450041D98B /* Main.storyboard */ = {
			isa = PBXVariantGroup;
			children = (
				6D796D49256419450041D98B /* Base */,
			);
			name = Main.storyboard;
			sourceTree = "<group>";
		};
		6D796D4D256419470041D98B /* LaunchScreen.storyboard */ = {
			isa = PBXVariantGroup;
			children = (
				6D796D4E256419470041D98B /* Base */,
			);
			name = LaunchScreen.storyboard;
			sourceTree = "<group>";
		};
/* End PBXVariantGroup section */

/* Begin XCBuildConfiguration section */
		6D796D51256419470041D98B /* Debug */ = {
			isa = XCBuildConfiguration;
			buildSettings = {
				ALWAYS_SEARCH_USER_PATHS = NO;
				CLANG_ANALYZER_NONNULL = YES;
				CLANG_ANALYZER_NUMBER_OBJECT_CONVERSION = YES_AGGRESSIVE;
				CLANG_CXX_LANGUAGE_STANDARD = "gnu++14";
				CLANG_CXX_LIBRARY = "libc++";
				CLANG_ENABLE_MODULES = YES;
				CLANG_ENABLE_OBJC_ARC = YES;
				CLANG_ENABLE_OBJC_WEAK = YES;
				CLANG_WARN_BLOCK_CAPTURE_AUTORELEASING = YES;
				CLANG_WARN_BOOL_CONVERSION = YES;
				CLANG_WARN_COMMA = YES;
				CLANG_WARN_CONSTANT_CONVERSION = YES;
				CLANG_WARN_DEPRECATED_OBJC_IMPLEMENTATIONS = YES;
				CLANG_WARN_DIRECT_OBJC_ISA_USAGE = YES_ERROR;
				CLANG_WARN_DOCUMENTATION_COMMENTS = YES;
				CLANG_WARN_EMPTY_BODY = YES;
				CLANG_WARN_ENUM_CONVERSION = YES;
				CLANG_WARN_INFINITE_RECURSION = YES;
				CLANG_WARN_INT_CONVERSION = YES;
				CLANG_WARN_NON_LITERAL_NULL_CONVERSION = YES;
				CLANG_WARN_OBJC_IMPLICIT_RETAIN_SELF = YES;
				CLANG_WARN_OBJC_LITERAL_CONVERSION = YES;
				CLANG_WARN_OBJC_ROOT_CLASS = YES_ERROR;
				CLANG_WARN_QUOTED_INCLUDE_IN_FRAMEWORK_HEADER = YES;
				CLANG_WARN_RANGE_LOOP_ANALYSIS = YES;
				CLANG_WARN_STRICT_PROTOTYPES = YES;
				CLANG_WARN_SUSPICIOUS_MOVE = YES;
				CLANG_WARN_UNGUARDED_AVAILABILITY = YES_AGGRESSIVE;
				CLANG_WARN_UNREACHABLE_CODE = YES;
				CLANG_WARN__DUPLICATE_METHOD_MATCH = YES;
				COPY_PHASE_STRIP = NO;
				DEBUG_INFORMATION_FORMAT = dwarf;
				ENABLE_STRICT_OBJC_MSGSEND = YES;
				ENABLE_TESTABILITY = YES;
				GCC_C_LANGUAGE_STANDARD = gnu11;
				GCC_DYNAMIC_NO_PIC = NO;
				GCC_NO_COMMON_BLOCKS = YES;
				GCC_OPTIMIZATION_LEVEL = 0;
				GCC_PREPROCESSOR_DEFINITIONS = (
					"DEBUG=1",
					"$(inherited)",
				);
				GCC_WARN_64_TO_32_BIT_CONVERSION = YES;
				GCC_WARN_ABOUT_RETURN_TYPE = YES_ERROR;
				GCC_WARN_UNDECLARED_SELECTOR = YES;
				GCC_WARN_UNINITIALIZED_AUTOS = YES_AGGRESSIVE;
				GCC_WARN_UNUSED_FUNCTION = YES;
				GCC_WARN_UNUSED_VARIABLE = YES;
				IPHONEOS_DEPLOYMENT_TARGET = 14.1;
				MTL_ENABLE_DEBUG_INFO = INCLUDE_SOURCE;
				MTL_FAST_MATH = YES;
				ONLY_ACTIVE_ARCH = YES;
				SDKROOT = iphoneos;
				SWIFT_ACTIVE_COMPILATION_CONDITIONS = DEBUG;
				SWIFT_OPTIMIZATION_LEVEL = "-Onone";
			};
			name = Debug;
		};
		6D796D52256419470041D98B /* Release */ = {
			isa = XCBuildConfiguration;
			buildSettings = {
				ALWAYS_SEARCH_USER_PATHS = NO;
				CLANG_ANALYZER_NONNULL = YES;
				CLANG_ANALYZER_NUMBER_OBJECT_CONVERSION = YES_AGGRESSIVE;
				CLANG_CXX_LANGUAGE_STANDARD = "gnu++14";
				CLANG_CXX_LIBRARY = "libc++";
				CLANG_ENABLE_MODULES = YES;
				CLANG_ENABLE_OBJC_ARC = YES;
				CLANG_ENABLE_OBJC_WEAK = YES;
				CLANG_WARN_BLOCK_CAPTURE_AUTORELEASING = YES;
				CLANG_WARN_BOOL_CONVERSION = YES;
				CLANG_WARN_COMMA = YES;
				CLANG_WARN_CONSTANT_CONVERSION = YES;
				CLANG_WARN_DEPRECATED_OBJC_IMPLEMENTATIONS = YES;
				CLANG_WARN_DIRECT_OBJC_ISA_USAGE = YES_ERROR;
				CLANG_WARN_DOCUMENTATION_COMMENTS = YES;
				CLANG_WARN_EMPTY_BODY = YES;
				CLANG_WARN_ENUM_CONVERSION = YES;
				CLANG_WARN_INFINITE_RECURSION = YES;
				CLANG_WARN_INT_CONVERSION = YES;
				CLANG_WARN_NON_LITERAL_NULL_CONVERSION = YES;
				CLANG_WARN_OBJC_IMPLICIT_RETAIN_SELF = YES;
				CLANG_WARN_OBJC_LITERAL_CONVERSION = YES;
				CLANG_WARN_OBJC_ROOT_CLASS = YES_ERROR;
				CLANG_WARN_QUOTED_INCLUDE_IN_FRAMEWORK_HEADER = YES;
				CLANG_WARN_RANGE_LOOP_ANALYSIS = YES;
				CLANG_WARN_STRICT_PROTOTYPES = YES;
				CLANG_WARN_SUSPICIOUS_MOVE = YES;
				CLANG_WARN_UNGUARDED_AVAILABILITY = YES_AGGRESSIVE;
				CLANG_WARN_UNREACHABLE_CODE = YES;
				CLANG_WARN__DUPLICATE_METHOD_MATCH = YES;
				COPY_PHASE_STRIP = NO;
				DEBUG_INFORMATION_FORMAT = "dwarf-with-dsym";
				ENABLE_NS_ASSERTIONS = NO;
				ENABLE_STRICT_OBJC_MSGSEND = YES;
				GCC_C_LANGUAGE_STANDARD = gnu11;
				GCC_NO_COMMON_BLOCKS = YES;
				GCC_WARN_64_TO_32_BIT_CONVERSION = YES;
				GCC_WARN_ABOUT_RETURN_TYPE = YES_ERROR;
				GCC_WARN_UNDECLARED_SELECTOR = YES;
				GCC_WARN_UNINITIALIZED_AUTOS = YES_AGGRESSIVE;
				GCC_WARN_UNUSED_FUNCTION = YES;
				GCC_WARN_UNUSED_VARIABLE = YES;
				IPHONEOS_DEPLOYMENT_TARGET = 14.1;
				MTL_ENABLE_DEBUG_INFO = NO;
				MTL_FAST_MATH = YES;
				SDKROOT = iphoneos;
				SWIFT_COMPILATION_MODE = wholemodule;
				SWIFT_OPTIMIZATION_LEVEL = "-O";
				VALIDATE_PRODUCT = YES;
			};
			name = Release;
		};
		6D796D54256419470041D98B /* Debug */ = {
			isa = XCBuildConfiguration;
			buildSettings = {
				ASSETCATALOG_COMPILER_APPICON_NAME = AppIcon;
				ASSETCATALOG_COMPILER_GLOBAL_ACCENT_COLOR_NAME = AccentColor;
				CODE_SIGN_STYLE = Automatic;
				DEVELOPMENT_TEAM = G5RH43PBN9;
				INFOPLIST_FILE = RedditClient/Info.plist;
				IPHONEOS_DEPLOYMENT_TARGET = 13.0;
				LD_RUNPATH_SEARCH_PATHS = (
					"$(inherited)",
					"@executable_path/Frameworks",
				);
				PRODUCT_BUNDLE_IDENTIFIER = com.mozgovoy.RedditClient;
				PRODUCT_NAME = "$(TARGET_NAME)";
				SWIFT_VERSION = 5.0;
				TARGETED_DEVICE_FAMILY = 1;
			};
			name = Debug;
		};
		6D796D55256419470041D98B /* Release */ = {
			isa = XCBuildConfiguration;
			buildSettings = {
				ASSETCATALOG_COMPILER_APPICON_NAME = AppIcon;
				ASSETCATALOG_COMPILER_GLOBAL_ACCENT_COLOR_NAME = AccentColor;
				CODE_SIGN_STYLE = Automatic;
				DEVELOPMENT_TEAM = G5RH43PBN9;
				INFOPLIST_FILE = RedditClient/Info.plist;
				IPHONEOS_DEPLOYMENT_TARGET = 13.0;
				LD_RUNPATH_SEARCH_PATHS = (
					"$(inherited)",
					"@executable_path/Frameworks",
				);
				PRODUCT_BUNDLE_IDENTIFIER = com.mozgovoy.RedditClient;
				PRODUCT_NAME = "$(TARGET_NAME)";
				SWIFT_VERSION = 5.0;
				TARGETED_DEVICE_FAMILY = 1;
			};
			name = Release;
		};
/* End XCBuildConfiguration section */

/* Begin XCConfigurationList section */
		6D796D3A256419450041D98B /* Build configuration list for PBXProject "RedditClient" */ = {
			isa = XCConfigurationList;
			buildConfigurations = (
				6D796D51256419470041D98B /* Debug */,
				6D796D52256419470041D98B /* Release */,
			);
			defaultConfigurationIsVisible = 0;
			defaultConfigurationName = Release;
		};
		6D796D53256419470041D98B /* Build configuration list for PBXNativeTarget "RedditClient" */ = {
			isa = XCConfigurationList;
			buildConfigurations = (
				6D796D54256419470041D98B /* Debug */,
				6D796D55256419470041D98B /* Release */,
			);
			defaultConfigurationIsVisible = 0;
			defaultConfigurationName = Release;
		};
/* End XCConfigurationList section */
	};
	rootObject = 6D796D37256419450041D98B /* Project object */;
}
